// !$*UTF8*$!
{
	archiveVersion = 1;
	classes = {
	};
	objectVersion = 55;
	objects = {

/* Begin PBXBuildFile section */
		4A9029A3284D9D56009A9E2E /* AppDelegate.swift in Sources */ = {isa = PBXBuildFile; fileRef = 4A9029A2284D9D56009A9E2E /* AppDelegate.swift */; };
		4A9029A5284D9D56009A9E2E /* SceneDelegate.swift in Sources */ = {isa = PBXBuildFile; fileRef = 4A9029A4284D9D56009A9E2E /* SceneDelegate.swift */; };
		4A9029A7284D9D56009A9E2E /* ViewController.swift in Sources */ = {isa = PBXBuildFile; fileRef = 4A9029A6284D9D56009A9E2E /* ViewController.swift */; };
		4A9029AA284D9D56009A9E2E /* Main.storyboard in Resources */ = {isa = PBXBuildFile; fileRef = 4A9029A8284D9D56009A9E2E /* Main.storyboard */; };
		4A9029AC284D9D57009A9E2E /* Assets.xcassets in Resources */ = {isa = PBXBuildFile; fileRef = 4A9029AB284D9D57009A9E2E /* Assets.xcassets */; };
		4A9029AF284D9D57009A9E2E /* LaunchScreen.storyboard in Resources */ = {isa = PBXBuildFile; fileRef = 4A9029AD284D9D57009A9E2E /* LaunchScreen.storyboard */; };
		4A9029B7284D9EC8009A9E2E /* MyCell.swift in Sources */ = {isa = PBXBuildFile; fileRef = 4A9029B6284D9EC8009A9E2E /* MyCell.swift */; };
		4A9029BB284DA0F9009A9E2E /* MyModel.swift in Sources */ = {isa = PBXBuildFile; fileRef = 4A9029BA284DA0F9009A9E2E /* MyModel.swift */; };
		4A9029BD284DB8C5009A9E2E /* IndicatorView.swift in Sources */ = {isa = PBXBuildFile; fileRef = 4A9029BC284DB8C5009A9E2E /* IndicatorView.swift */; };
		EDB23DCF991DD19C06ACC4D5 /* Pods_ExCollectionViewWithIndiactor.framework in Frameworks */ = {isa = PBXBuildFile; fileRef = F3CBE6E8AC8BB6ECE457832E /* Pods_ExCollectionViewWithIndiactor.framework */; };
/* End PBXBuildFile section */

/* Begin PBXFileReference section */
		37938BB9BD682C5D1F7B4BBD /* Pods-ExCollectionViewWithIndiactor.release.xcconfig */ = {isa = PBXFileReference; includeInIndex = 1; lastKnownFileType = text.xcconfig; name = "Pods-ExCollectionViewWithIndiactor.release.xcconfig"; path = "Target Support Files/Pods-ExCollectionViewWithIndiactor/Pods-ExCollectionViewWithIndiactor.release.xcconfig"; sourceTree = "<group>"; };
		4A90299F284D9D56009A9E2E /* ExCollectionViewWithIndiactor.app */ = {isa = PBXFileReference; explicitFileType = wrapper.application; includeInIndex = 0; path = ExCollectionViewWithIndiactor.app; sourceTree = BUILT_PRODUCTS_DIR; };
		4A9029A2284D9D56009A9E2E /* AppDelegate.swift */ = {isa = PBXFileReference; lastKnownFileType = sourcecode.swift; path = AppDelegate.swift; sourceTree = "<group>"; };
		4A9029A4284D9D56009A9E2E /* SceneDelegate.swift */ = {isa = PBXFileReference; lastKnownFileType = sourcecode.swift; path = SceneDelegate.swift; sourceTree = "<group>"; };
		4A9029A6284D9D56009A9E2E /* ViewController.swift */ = {isa = PBXFileReference; lastKnownFileType = sourcecode.swift; path = ViewController.swift; sourceTree = "<group>"; };
		4A9029A9284D9D56009A9E2E /* Base */ = {isa = PBXFileReference; lastKnownFileType = file.storyboard; name = Base; path = Base.lproj/Main.storyboard; sourceTree = "<group>"; };
		4A9029AB284D9D57009A9E2E /* Assets.xcassets */ = {isa = PBXFileReference; lastKnownFileType = folder.assetcatalog; path = Assets.xcassets; sourceTree = "<group>"; };
		4A9029AE284D9D57009A9E2E /* Base */ = {isa = PBXFileReference; lastKnownFileType = file.storyboard; name = Base; path = Base.lproj/LaunchScreen.storyboard; sourceTree = "<group>"; };
		4A9029B0284D9D57009A9E2E /* Info.plist */ = {isa = PBXFileReference; lastKnownFileType = text.plist.xml; path = Info.plist; sourceTree = "<group>"; };
		4A9029B6284D9EC8009A9E2E /* MyCell.swift */ = {isa = PBXFileReference; lastKnownFileType = sourcecode.swift; path = MyCell.swift; sourceTree = "<group>"; };
		4A9029BA284DA0F9009A9E2E /* MyModel.swift */ = {isa = PBXFileReference; lastKnownFileType = sourcecode.swift; path = MyModel.swift; sourceTree = "<group>"; };
		4A9029BC284DB8C5009A9E2E /* IndicatorView.swift */ = {isa = PBXFileReference; lastKnownFileType = sourcecode.swift; path = IndicatorView.swift; sourceTree = "<group>"; };
		DC108354E7E9E66EFB1F405B /* Pods-ExCollectionViewWithIndiactor.debug.xcconfig */ = {isa = PBXFileReference; includeInIndex = 1; lastKnownFileType = text.xcconfig; name = "Pods-ExCollectionViewWithIndiactor.debug.xcconfig"; path = "Target Support Files/Pods-ExCollectionViewWithIndiactor/Pods-ExCollectionViewWithIndiactor.debug.xcconfig"; sourceTree = "<group>"; };
		F3CBE6E8AC8BB6ECE457832E /* Pods_ExCollectionViewWithIndiactor.framework */ = {isa = PBXFileReference; explicitFileType = wrapper.framework; includeInIndex = 0; path = Pods_ExCollectionViewWithIndiactor.framework; sourceTree = BUILT_PRODUCTS_DIR; };
/* End PBXFileReference section */

/* Begin PBXFrameworksBuildPhase section */
		4A90299C284D9D56009A9E2E /* Frameworks */ = {
			isa = PBXFrameworksBuildPhase;
			buildActionMask = 2147483647;
			files = (
				EDB23DCF991DD19C06ACC4D5 /* Pods_ExCollectionViewWithIndiactor.framework in Frameworks */,
			);
			runOnlyForDeploymentPostprocessing = 0;
		};
/* End PBXFrameworksBuildPhase section */

/* Begin PBXGroup section */
		1E80023F16771593123BF04F /* Frameworks */ = {
			isa = PBXGroup;
			children = (
				F3CBE6E8AC8BB6ECE457832E /* Pods_ExCollectionViewWithIndiactor.framework */,
			);
			name = Frameworks;
			sourceTree = "<group>";
		};
		4A902996284D9D56009A9E2E = {
			isa = PBXGroup;
			children = (
				4A9029A1284D9D56009A9E2E /* ExCollectionViewWithIndiactor */,
				4A9029A0284D9D56009A9E2E /* Products */,
				9BFD78A1DA352075276BEB65 /* Pods */,
				1E80023F16771593123BF04F /* Frameworks */,
			);
			sourceTree = "<group>";
		};
		4A9029A0284D9D56009A9E2E /* Products */ = {
			isa = PBXGroup;
			children = (
				4A90299F284D9D56009A9E2E /* ExCollectionViewWithIndiactor.app */,
			);
			name = Products;
			sourceTree = "<group>";
		};
		4A9029A1284D9D56009A9E2E /* ExCollectionViewWithIndiactor */ = {
			isa = PBXGroup;
			children = (
				4A9029A2284D9D56009A9E2E /* AppDelegate.swift */,
				4A9029A4284D9D56009A9E2E /* SceneDelegate.swift */,
				4A9029A6284D9D56009A9E2E /* ViewController.swift */,
				4A9029BC284DB8C5009A9E2E /* IndicatorView.swift */,
				4A9029BA284DA0F9009A9E2E /* MyModel.swift */,
				4A9029B6284D9EC8009A9E2E /* MyCell.swift */,
				4A9029A8284D9D56009A9E2E /* Main.storyboard */,
				4A9029AB284D9D57009A9E2E /* Assets.xcassets */,
				4A9029AD284D9D57009A9E2E /* LaunchScreen.storyboard */,
				4A9029B0284D9D57009A9E2E /* Info.plist */,
			);
			path = ExCollectionViewWithIndiactor;
			sourceTree = "<group>";
		};
		9BFD78A1DA352075276BEB65 /* Pods */ = {
			isa = PBXGroup;
			children = (
				DC108354E7E9E66EFB1F405B /* Pods-ExCollectionViewWithIndiactor.debug.xcconfig */,
				37938BB9BD682C5D1F7B4BBD /* Pods-ExCollectionViewWithIndiactor.release.xcconfig */,
			);
			path = Pods;
			sourceTree = "<group>";
		};
/* End PBXGroup section */

/* Begin PBXNativeTarget section */
		4A90299E284D9D56009A9E2E /* ExCollectionViewWithIndiactor */ = {
			isa = PBXNativeTarget;
			buildConfigurationList = 4A9029B3284D9D57009A9E2E /* Build configuration list for PBXNativeTarget "ExCollectionViewWithIndiactor" */;
			buildPhases = (
				A75F3AE65C9F8AD6B9EC6647 /* [CP] Check Pods Manifest.lock */,
				4A90299B284D9D56009A9E2E /* Sources */,
				4A90299C284D9D56009A9E2E /* Frameworks */,
				4A90299D284D9D56009A9E2E /* Resources */,
				BCC2B79EE827EC674607C81A /* [CP] Embed Pods Frameworks */,
			);
			buildRules = (
			);
			dependencies = (
			);
			name = ExCollectionViewWithIndiactor;
			productName = ExCollectionViewWithIndiactor;
			productReference = 4A90299F284D9D56009A9E2E /* ExCollectionViewWithIndiactor.app */;
			productType = "com.apple.product-type.application";
		};
/* End PBXNativeTarget section */

/* Begin PBXProject section */
		4A902997284D9D56009A9E2E /* Project object */ = {
			isa = PBXProject;
			attributes = {
				BuildIndependentTargetsInParallel = 1;
				LastSwiftUpdateCheck = 1310;
				LastUpgradeCheck = 1310;
				TargetAttributes = {
					4A90299E284D9D56009A9E2E = {
						CreatedOnToolsVersion = 13.1;
					};
				};
			};
			buildConfigurationList = 4A90299A284D9D56009A9E2E /* Build configuration list for PBXProject "ExCollectionViewWithIndiactor" */;
			compatibilityVersion = "Xcode 13.0";
			developmentRegion = en;
			hasScannedForEncodings = 0;
			knownRegions = (
				en,
				Base,
			);
			mainGroup = 4A902996284D9D56009A9E2E;
			productRefGroup = 4A9029A0284D9D56009A9E2E /* Products */;
			projectDirPath = "";
			projectRoot = "";
			targets = (
				4A90299E284D9D56009A9E2E /* ExCollectionViewWithIndiactor */,
			);
		};
/* End PBXProject section */

/* Begin PBXResourcesBuildPhase section */
		4A90299D284D9D56009A9E2E /* Resources */ = {
			isa = PBXResourcesBuildPhase;
			buildActionMask = 2147483647;
			files = (
				4A9029AF284D9D57009A9E2E /* LaunchScreen.storyboard in Resources */,
				4A9029AC284D9D57009A9E2E /* Assets.xcassets in Resources */,
				4A9029AA284D9D56009A9E2E /* Main.storyboard in Resources */,
			);
			runOnlyForDeploymentPostprocessing = 0;
		};
/* End PBXResourcesBuildPhase section */

/* Begin PBXShellScriptBuildPhase section */
		A75F3AE65C9F8AD6B9EC6647 /* [CP] Check Pods Manifest.lock */ = {
			isa = PBXShellScriptBuildPhase;
			buildActionMask = 2147483647;
			files = (
			);
			inputFileListPaths = (
			);
			inputPaths = (
				"${PODS_PODFILE_DIR_PATH}/Podfile.lock",
				"${PODS_ROOT}/Manifest.lock",
			);
			name = "[CP] Check Pods Manifest.lock";
			outputFileListPaths = (
			);
			outputPaths = (
				"$(DERIVED_FILE_DIR)/Pods-ExCollectionViewWithIndiactor-checkManifestLockResult.txt",
			);
			runOnlyForDeploymentPostprocessing = 0;
			shellPath = /bin/sh;
			shellScript = "diff \"${PODS_PODFILE_DIR_PATH}/Podfile.lock\" \"${PODS_ROOT}/Manifest.lock\" > /dev/null\nif [ $? != 0 ] ; then\n    # print error to STDERR\n    echo \"error: The sandbox is not in sync with the Podfile.lock. Run 'pod install' or update your CocoaPods installation.\" >&2\n    exit 1\nfi\n# This output is used by Xcode 'outputs' to avoid re-running this script phase.\necho \"SUCCESS\" > \"${SCRIPT_OUTPUT_FILE_0}\"\n";
			showEnvVarsInLog = 0;
		};
		BCC2B79EE827EC674607C81A /* [CP] Embed Pods Frameworks */ = {
			isa = PBXShellScriptBuildPhase;
			buildActionMask = 2147483647;
			files = (
			);
			inputFileListPaths = (
				"${PODS_ROOT}/Target Support Files/Pods-ExCollectionViewWithIndiactor/Pods-ExCollectionViewWithIndiactor-frameworks-${CONFIGURATION}-input-files.xcfilelist",
			);
			name = "[CP] Embed Pods Frameworks";
			outputFileListPaths = (
				"${PODS_ROOT}/Target Support Files/Pods-ExCollectionViewWithIndiactor/Pods-ExCollectionViewWithIndiactor-frameworks-${CONFIGURATION}-output-files.xcfilelist",
			);
			runOnlyForDeploymentPostprocessing = 0;
			shellPath = /bin/sh;
			shellScript = "\"${PODS_ROOT}/Target Support Files/Pods-ExCollectionViewWithIndiactor/Pods-ExCollectionViewWithIndiactor-frameworks.sh\"\n";
			showEnvVarsInLog = 0;
		};
/* End PBXShellScriptBuildPhase section */

/* Begin PBXSourcesBuildPhase section */
		4A90299B284D9D56009A9E2E /* Sources */ = {
			isa = PBXSourcesBuildPhase;
			buildActionMask = 2147483647;
			files = (
				4A9029A7284D9D56009A9E2E /* ViewController.swift in Sources */,
				4A9029B7284D9EC8009A9E2E /* MyCell.swift in Sources */,
				4A9029BB284DA0F9009A9E2E /* MyModel.swift in Sources */,
				4A9029A3284D9D56009A9E2E /* AppDelegate.swift in Sources */,
				4A9029BD284DB8C5009A9E2E /* IndicatorView.swift in Sources */,
				4A9029A5284D9D56009A9E2E /* SceneDelegate.swift in Sources */,
			);
			runOnlyForDeploymentPostprocessing = 0;
		};
/* End PBXSourcesBuildPhase section */

/* Begin PBXVariantGroup section */
		4A9029A8284D9D56009A9E2E /* Main.storyboard */ = {
			isa = PBXVariantGroup;
			children = (
				4A9029A9284D9D56009A9E2E /* Base */,
			);
			name = Main.storyboard;
			sourceTree = "<group>";
		};
		4A9029AD284D9D57009A9E2E /* LaunchScreen.storyboard */ = {
			isa = PBXVariantGroup;
			children = (
				4A9029AE284D9D57009A9E2E /* Base */,
			);
			name = LaunchScreen.storyboard;
			sourceTree = "<group>";
		};
/* End PBXVariantGroup section */

/* Begin XCBuildConfiguration section */
		4A9029B1284D9D57009A9E2E /* Debug */ = {
			isa = XCBuildConfiguration;
			buildSettings = {
				ALWAYS_SEARCH_USER_PATHS = NO;
				CLANG_ANALYZER_NONNULL = YES;
				CLANG_ANALYZER_NUMBER_OBJECT_CONVERSION = YES_AGGRESSIVE;
				CLANG_CXX_LANGUAGE_STANDARD = "gnu++17";
				CLANG_CXX_LIBRARY = "libc++";
				CLANG_ENABLE_MODULES = YES;
				CLANG_ENABLE_OBJC_ARC = YES;
				CLANG_ENABLE_OBJC_WEAK = YES;
				CLANG_WARN_BLOCK_CAPTURE_AUTORELEASING = YES;
				CLANG_WARN_BOOL_CONVERSION = YES;
				CLANG_WARN_COMMA = YES;
				CLANG_WARN_CONSTANT_CONVERSION = YES;
				CLANG_WARN_DEPRECATED_OBJC_IMPLEMENTATIONS = YES;
				CLANG_WARN_DIRECT_OBJC_ISA_USAGE = YES_ERROR;
				CLANG_WARN_DOCUMENTATION_COMMENTS = YES;
				CLANG_WARN_EMPTY_BODY = YES;
				CLANG_WARN_ENUM_CONVERSION = YES;
				CLANG_WARN_INFINITE_RECURSION = YES;
				CLANG_WARN_INT_CONVERSION = YES;
				CLANG_WARN_NON_LITERAL_NULL_CONVERSION = YES;
				CLANG_WARN_OBJC_IMPLICIT_RETAIN_SELF = YES;
				CLANG_WARN_OBJC_LITERAL_CONVERSION = YES;
				CLANG_WARN_OBJC_ROOT_CLASS = YES_ERROR;
				CLANG_WARN_QUOTED_INCLUDE_IN_FRAMEWORK_HEADER = YES;
				CLANG_WARN_RANGE_LOOP_ANALYSIS = YES;
				CLANG_WARN_STRICT_PROTOTYPES = YES;
				CLANG_WARN_SUSPICIOUS_MOVE = YES;
				CLANG_WARN_UNGUARDED_AVAILABILITY = YES_AGGRESSIVE;
				CLANG_WARN_UNREACHABLE_CODE = YES;
				CLANG_WARN__DUPLICATE_METHOD_MATCH = YES;
				COPY_PHASE_STRIP = NO;
				DEBUG_INFORMATION_FORMAT = dwarf;
				ENABLE_STRICT_OBJC_MSGSEND = YES;
				ENABLE_TESTABILITY = YES;
				GCC_C_LANGUAGE_STANDARD = gnu11;
				GCC_DYNAMIC_NO_PIC = NO;
				GCC_NO_COMMON_BLOCKS = YES;
				GCC_OPTIMIZATION_LEVEL = 0;
				GCC_PREPROCESSOR_DEFINITIONS = (
					"DEBUG=1",
					"$(inherited)",
				);
				GCC_WARN_64_TO_32_BIT_CONVERSION = YES;
				GCC_WARN_ABOUT_RETURN_TYPE = YES_ERROR;
				GCC_WARN_UNDECLARED_SELECTOR = YES;
				GCC_WARN_UNINITIALIZED_AUTOS = YES_AGGRESSIVE;
				GCC_WARN_UNUSED_FUNCTION = YES;
				GCC_WARN_UNUSED_VARIABLE = YES;
				IPHONEOS_DEPLOYMENT_TARGET = 15.0;
				MTL_ENABLE_DEBUG_INFO = INCLUDE_SOURCE;
				MTL_FAST_MATH = YES;
				ONLY_ACTIVE_ARCH = YES;
				SDKROOT = iphoneos;
				SWIFT_ACTIVE_COMPILATION_CONDITIONS = DEBUG;
				SWIFT_OPTIMIZATION_LEVEL = "-Onone";
			};
			name = Debug;
		};
		4A9029B2284D9D57009A9E2E /* Release */ = {
			isa = XCBuildConfiguration;
			buildSettings = {
				ALWAYS_SEARCH_USER_PATHS = NO;
				CLANG_ANALYZER_NONNULL = YES;
				CLANG_ANALYZER_NUMBER_OBJECT_CONVERSION = YES_AGGRESSIVE;
				CLANG_CXX_LANGUAGE_STANDARD = "gnu++17";
				CLANG_CXX_LIBRARY = "libc++";
				CLANG_ENABLE_MODULES = YES;
				CLANG_ENABLE_OBJC_ARC = YES;
				CLANG_ENABLE_OBJC_WEAK = YES;
				CLANG_WARN_BLOCK_CAPTURE_AUTORELEASING = YES;
				CLANG_WARN_BOOL_CONVERSION = YES;
				CLANG_WARN_COMMA = YES;
				CLANG_WARN_CONSTANT_CONVERSION = YES;
				CLANG_WARN_DEPRECATED_OBJC_IMPLEMENTATIONS = YES;
				CLANG_WARN_DIRECT_OBJC_ISA_USAGE = YES_ERROR;
				CLANG_WARN_DOCUMENTATION_COMMENTS = YES;
				CLANG_WARN_EMPTY_BODY = YES;
				CLANG_WARN_ENUM_CONVERSION = YES;
				CLANG_WARN_INFINITE_RECURSION = YES;
				CLANG_WARN_INT_CONVERSION = YES;
				CLANG_WARN_NON_LITERAL_NULL_CONVERSION = YES;
				CLANG_WARN_OBJC_IMPLICIT_RETAIN_SELF = YES;
				CLANG_WARN_OBJC_LITERAL_CONVERSION = YES;
				CLANG_WARN_OBJC_ROOT_CLASS = YES_ERROR;
				CLANG_WARN_QUOTED_INCLUDE_IN_FRAMEWORK_HEADER = YES;
				CLANG_WARN_RANGE_LOOP_ANALYSIS = YES;
				CLANG_WARN_STRICT_PROTOTYPES = YES;
				CLANG_WARN_SUSPICIOUS_MOVE = YES;
				CLANG_WARN_UNGUARDED_AVAILABILITY = YES_AGGRESSIVE;
				CLANG_WARN_UNREACHABLE_CODE = YES;
				CLANG_WARN__DUPLICATE_METHOD_MATCH = YES;
				COPY_PHASE_STRIP = NO;
				DEBUG_INFORMATION_FORMAT = "dwarf-with-dsym";
				ENABLE_NS_ASSERTIONS = NO;
				ENABLE_STRICT_OBJC_MSGSEND = YES;
				GCC_C_LANGUAGE_STANDARD = gnu11;
				GCC_NO_COMMON_BLOCKS = YES;
				GCC_WARN_64_TO_32_BIT_CONVERSION = YES;
				GCC_WARN_ABOUT_RETURN_TYPE = YES_ERROR;
				GCC_WARN_UNDECLARED_SELECTOR = YES;
				GCC_WARN_UNINITIALIZED_AUTOS = YES_AGGRESSIVE;
				GCC_WARN_UNUSED_FUNCTION = YES;
				GCC_WARN_UNUSED_VARIABLE = YES;
				IPHONEOS_DEPLOYMENT_TARGET = 15.0;
				MTL_ENABLE_DEBUG_INFO = NO;
				MTL_FAST_MATH = YES;
				SDKROOT = iphoneos;
				SWIFT_COMPILATION_MODE = wholemodule;
				SWIFT_OPTIMIZATION_LEVEL = "-O";
				VALIDATE_PRODUCT = YES;
			};
			name = Release;
		};
		4A9029B4284D9D57009A9E2E /* Debug */ = {
			isa = XCBuildConfiguration;
			baseConfigurationReference = DC108354E7E9E66EFB1F405B /* Pods-ExCollectionViewWithIndiactor.debug.xcconfig */;
			buildSettings = {
				ASSETCATALOG_COMPILER_APPICON_NAME = AppIcon;
				ASSETCATALOG_COMPILER_GLOBAL_ACCENT_COLOR_NAME = AccentColor;
				CODE_SIGN_STYLE = Automatic;
				CURRENT_PROJECT_VERSION = 1;
				DEVELOPMENT_TEAM = SS7U83UJNK;
				GENERATE_INFOPLIST_FILE = YES;
				INFOPLIST_FILE = ExCollectionViewWithIndiactor/Info.plist;
				INFOPLIST_KEY_UIApplicationSupportsIndirectInputEvents = YES;
				INFOPLIST_KEY_UILaunchStoryboardName = LaunchScreen;
				INFOPLIST_KEY_UIMainStoryboardFile = Main;
				INFOPLIST_KEY_UISupportedInterfaceOrientations_iPad = "UIInterfaceOrientationPortrait UIInterfaceOrientationPortraitUpsideDown UIInterfaceOrientationLandscapeLeft UIInterfaceOrientationLandscapeRight";
				INFOPLIST_KEY_UISupportedInterfaceOrientations_iPhone = "UIInterfaceOrientationPortrait UIInterfaceOrientationLandscapeLeft UIInterfaceOrientationLandscapeRight";
				LD_RUNPATH_SEARCH_PATHS = (
					"$(inherited)",
					"@executable_path/Frameworks",
				);
				MARKETING_VERSION = 1.0;
				PRODUCT_BUNDLE_IDENTIFIER = com.jake.sample.ExCollectionViewWithIndiactor;
				PRODUCT_NAME = "$(TARGET_NAME)";
				SWIFT_EMIT_LOC_STRINGS = YES;
				SWIFT_VERSION = 5.0;
				TARGETED_DEVICE_FAMILY = "1,2";
			};
			name = Debug;
		};
		4A9029B5284D9D57009A9E2E /* Release */ = {
			isa = XCBuildConfiguration;
			baseConfigurationReference = 37938BB9BD682C5D1F7B4BBD /* Pods-ExCollectionViewWithIndiactor.release.xcconfig */;
			buildSettings = {
				ASSETCATALOG_COMPILER_APPICON_NAME = AppIcon;
				ASSETCATALOG_COMPILER_GLOBAL_ACCENT_COLOR_NAME = AccentColor;
				CODE_SIGN_STYLE = Automatic;
				CURRENT_PROJECT_VERSION = 1;
				DEVELOPMENT_TEAM = SS7U83UJNK;
				GENERATE_INFOPLIST_FILE = YES;
				INFOPLIST_FILE = ExCollectionViewWithIndiactor/Info.plist;
				INFOPLIST_KEY_UIApplicationSupportsIndirectInputEvents = YES;
				INFOPLIST_KEY_UILaunchStoryboardName = LaunchScreen;
				INFOPLIST_KEY_UIMainStoryboardFile = Main;
				INFOPLIST_KEY_UISupportedInterfaceOrientations_iPad = "UIInterfaceOrientationPortrait UIInterfaceOrientationPortraitUpsideDown UIInterfaceOrientationLandscapeLeft UIInterfaceOrientationLandscapeRight";
				INFOPLIST_KEY_UISupportedInterfaceOrientations_iPhone = "UIInterfaceOrientationPortrait UIInterfaceOrientationLandscapeLeft UIInterfaceOrientationLandscapeRight";
				LD_RUNPATH_SEARCH_PATHS = (
					"$(inherited)",
					"@executable_path/Frameworks",
				);
				MARKETING_VERSION = 1.0;
				PRODUCT_BUNDLE_IDENTIFIER = com.jake.sample.ExCollectionViewWithIndiactor;
				PRODUCT_NAME = "$(TARGET_NAME)";
				SWIFT_EMIT_LOC_STRINGS = YES;
				SWIFT_VERSION = 5.0;
				TARGETED_DEVICE_FAMILY = "1,2";
			};
			name = Release;
		};
/* End XCBuildConfiguration section */

/* Begin XCConfigurationList section */
		4A90299A284D9D56009A9E2E /* Build configuration list for PBXProject "ExCollectionViewWithIndiactor" */ = {
			isa = XCConfigurationList;
			buildConfigurations = (
				4A9029B1284D9D57009A9E2E /* Debug */,
				4A9029B2284D9D57009A9E2E /* Release */,
			);
			defaultConfigurationIsVisible = 0;
			defaultConfigurationName = Release;
		};
		4A9029B3284D9D57009A9E2E /* Build configuration list for PBXNativeTarget "ExCollectionViewWithIndiactor" */ = {
			isa = XCConfigurationList;
			buildConfigurations = (
				4A9029B4284D9D57009A9E2E /* Debug */,
				4A9029B5284D9D57009A9E2E /* Release */,
			);
			defaultConfigurationIsVisible = 0;
			defaultConfigurationName = Release;
		};
/* End XCConfigurationList section */
	};
	rootObject = 4A902997284D9D56009A9E2E /* Project object */;
}
